<?xml version="1.0" encoding="utf-8"?>
<Project ToolsVersion="4.0" xmlns="http://schemas.microsoft.com/developer/msbuild/2003">
  <ItemGroup>
    <Filter Include="include">
      <UniqueIdentifier>{ba84080c-1af0-4ed4-b221-9d286f9b3382}</UniqueIdentifier>
      <Extensions>h;hpp;hxx;hm;inl;inc</Extensions>
    </Filter>
    <Filter Include="resource">
      <UniqueIdentifier>{27fc00d5-064e-481f-99dc-a386ba476020}</UniqueIdentifier>
      <Extensions>rc;ico;cur;bmp;dlg;rc2;rct;bin;rgs;jpg;jpeg;jpe;png;manifest</Extensions>
    </Filter>
    <Filter Include="source">
      <UniqueIdentifier>{fb728452-f12f-4b03-9f4c-f1289d3ac6a5}</UniqueIdentifier>
      <Extensions>cpp;c;cxx;def;odl;idl;hpj;bat;asm</Extensions>
    </Filter>
    <Filter Include="include\Object">
      <UniqueIdentifier>{f3ac2cc1-1d2f-4e13-88d5-18f22579c799}</UniqueIdentifier>
    </Filter>
    <Filter Include="include\Scene">
      <UniqueIdentifier>{49abee2b-b113-4804-895b-969cde37f4d1}</UniqueIdentifier>
    </Filter>
    <Filter Include="source\object">
      <UniqueIdentifier>{91d7f52d-6242-4e1f-8aa7-108828c2fb5d}</UniqueIdentifier>
    </Filter>
    <Filter Include="source\scene">
      <UniqueIdentifier>{34ce8469-8b76-41dc-9f8c-2556f101e5b4}</UniqueIdentifier>
    </Filter>
  </ItemGroup>
  <ItemGroup>
    <None Include="C:\Users\Quan\Downloads\CoCaNgua.ico">
      <Filter>resource</Filter>
    </None>
    <None Include="res\CoCaNgua.ico">
      <Filter>resource</Filter>
    </None>
  </ItemGroup>
  <ItemGroup>
    <ResourceCompile Include="CoCaNgua.rc">
      <Filter>resource</Filter>
    </ResourceCompile>
  </ItemGroup>
  <ItemGroup>
    <ClInclude Include="resource.h">
      <Filter>include</Filter>
    </ClInclude>
    <ClInclude Include="main.h">
      <Filter>include</Filter>
    </ClInclude>
    <ClInclude Include="..\Classes\AppDelegate.h">
      <Filter>include</Filter>
    </ClInclude>
    <ClInclude Include="AboutScene.h">
      <Filter>include\Scene</Filter>
    </ClInclude>
    <ClInclude Include="Animals.h">
      <Filter>include\Object</Filter>
    </ClInclude>
    <ClInclude Include="AnimalUnit.h">
      <Filter>include\Object</Filter>
    </ClInclude>
    <ClInclude Include="GameScene.h">
      <Filter>include\Scene</Filter>
    </ClInclude>
    <ClInclude Include="..\Classes\HelloWorldScene.h">
      <Filter>include\Scene</Filter>
    </ClInclude>
    <ClInclude Include="HelpScene.h">
      <Filter>include\Scene</Filter>
    </ClInclude>
    <ClInclude Include="MapLocation.h">
      <Filter>include\Object</Filter>
    </ClInclude>
    <ClInclude Include="MenuScene.h">
      <Filter>include\Scene</Filter>
    </ClInclude>
    <ClInclude Include="OptionScene.h">
      <Filter>include\Scene</Filter>
    </ClInclude>
    <ClInclude Include="TrailerScene.h">
      <Filter>include\Scene</Filter>
    </ClInclude>
    <ClInclude Include="Config.h">
      <Filter>include\Object</Filter>
    </ClInclude>
    <ClInclude Include="RuleScene.h">
      <Filter>include\Scene</Filter>
    </ClInclude>
    <ClInclude Include="GameOverScene.h">
      <Filter>include\Scene</Filter>
    </ClInclude>
    <ClInclude Include="GameWinScene.h">
      <Filter>include\Scene</Filter>
    </ClInclude>
    <ClInclude Include="UnderBuildingScene.h">
      <Filter>include\Scene</Filter>
    </ClInclude>
    <ClInclude Include="MusicHelper.h">
      <Filter>include\Object</Filter>
    </ClInclude>
    <ClInclude Include="GameObject.h">
      <Filter>include\Object</Filter>
    </ClInclude>
    <ClInclude Include="GameLogic.h">
      <Filter>include\Object</Filter>
    </ClInclude>
  </ItemGroup>
  <ItemGroup>
    <ClCompile Include="main.cpp">
      <Filter>source</Filter>
    </ClCompile>
    <ClCompile Include="..\Classes\AppDelegate.cpp">
      <Filter>source</Filter>
    </ClCompile>
    <ClCompile Include="AboutScene.cpp">
      <Filter>source\scene</Filter>
    </ClCompile>
    <ClCompile Include="Animals.cpp">
      <Filter>source\object</Filter>
    </ClCompile>
    <ClCompile Include="AnimalUnit.cpp">
      <Filter>source\object</Filter>
    </ClCompile>
    <ClCompile Include="GameScene.cpp">
      <Filter>source\scene</Filter>
    </ClCompile>
    <ClCompile Include="..\Classes\HelloWorldScene.cpp">
      <Filter>source\scene</Filter>
    </ClCompile>
    <ClCompile Include="MapLocation.cpp">
      <Filter>source\object</Filter>
    </ClCompile>
    <ClCompile Include="MenuScene.cpp">
      <Filter>source\scene</Filter>
    </ClCompile>
    <ClCompile Include="OptionScene.cpp">
      <Filter>source\scene</Filter>
    </ClCompile>
    <ClCompile Include="TrailerScene.cpp">
      <Filter>source\scene</Filter>
    </ClCompile>
    <ClCompile Include="HelpScene.cpp">
      <Filter>source\scene</Filter>
    </ClCompile>
    <ClCompile Include="Config.cpp">
      <Filter>source\object</Filter>
    </ClCompile>
    <ClCompile Include="RuleScene.cpp">
      <Filter>source\scene</Filter>
    </ClCompile>
    <ClCompile Include="GameOverScene.cpp">
      <Filter>source\scene</Filter>
    </ClCompile>
    <ClCompile Include="GameWinScene.cpp">
      <Filter>source\scene</Filter>
    </ClCompile>
    <ClCompile Include="UnderBuildingScene.cpp">
      <Filter>source\scene</Filter>
    </ClCompile>
    <ClCompile Include="MusicHelper.cpp">
      <Filter>source\object</Filter>
    </ClCompile>
    <ClCompile Include="GameObject.cpp">
      <Filter>source\object</Filter>
    </ClCompile>
    <ClCompile Include="GameLogic.cpp">
      <Filter>source\object</Filter>
    </ClCompile>
  </ItemGroup>
</Project>